
Microsoft Visual Studio Solution File, Format Version 12.00
# Visual Studio Version 17
VisualStudioVersion = 17.1.32210.238
MinimumVisualStudioVersion = 10.0.40219.1
Project("{FAE04EC0-301F-11D3-BF4B-00C04F79EFBC}") = "TimeManager.API", "TimeManage.API\TimeManager.API.csproj", "{2E56A342-E70C-42EF-96F3-75BB682D481A}"
EndProject
Global
	GlobalSection(SolutionConfigurationPlatforms) = preSolution
		Debug|Any CPU = Debug|Any CPU
		Release|Any CPU = Release|Any CPU
	EndGlobalSection
	GlobalSection(ProjectConfigurationPlatforms) = postSolution
		{2E56A342-E70C-42EF-96F3-75BB682D481A}.Debug|Any CPU.ActiveCfg = Debug|Any CPU
		{2E56A342-E70C-42EF-96F3-75BB682D481A}.Debug|Any CPU.Build.0 = Debug|Any CPU
		{2E56A342-E70C-42EF-96F3-75BB682D481A}.Release|Any CPU.ActiveCfg = Release|Any CPU
		{2E56A342-E70C-42EF-96F3-75BB682D481A}.Release|Any CPU.Build.0 = Release|Any CPU
	EndGlobalSection
	GlobalSection(SolutionProperties) = preSolution
		HideSolutionNode = FALSE
	EndGlobalSection
	GlobalSection(ExtensibilityGlobals) = postSolution
		SolutionGuid = {A66AADEB-DF8C-4A32-9FBE-AB3F10620C0A}
	EndGlobalSection
EndGlobal
